// !$*UTF8*$!
{
	archiveVersion = 1;
	classes = {
	};
	objectVersion = 46;
	objects = {

/* Begin PBXBuildFile section */
		57314BD41D38E881002392E7 /* AppDelegate.swift in Sources */ = {isa = PBXBuildFile; fileRef = 57314BD31D38E881002392E7 /* AppDelegate.swift */; };
		57314BD61D38E881002392E7 /* ViewController.swift in Sources */ = {isa = PBXBuildFile; fileRef = 57314BD51D38E881002392E7 /* ViewController.swift */; };
		57314BD91D38E881002392E7 /* Main.storyboard in Resources */ = {isa = PBXBuildFile; fileRef = 57314BD71D38E881002392E7 /* Main.storyboard */; };
		57314BDB1D38E881002392E7 /* Assets.xcassets in Resources */ = {isa = PBXBuildFile; fileRef = 57314BDA1D38E881002392E7 /* Assets.xcassets */; };
		57314BDE1D38E881002392E7 /* LaunchScreen.storyboard in Resources */ = {isa = PBXBuildFile; fileRef = 57314BDC1D38E881002392E7 /* LaunchScreen.storyboard */; };
/* End PBXBuildFile section */

/* Begin PBXFileReference section */
		57314BD01D38E881002392E7 /* ZSProject.app */ = {isa = PBXFileReference; explicitFileType = wrapper.application; includeInIndex = 0; path = ZSProject.app; sourceTree = BUILT_PRODUCTS_DIR; };
		57314BD31D38E881002392E7 /* AppDelegate.swift */ = {isa = PBXFileReference; lastKnownFileType = sourcecode.swift; path = AppDelegate.swift; sourceTree = "<group>"; };
		57314BD51D38E881002392E7 /* ViewController.swift */ = {isa = PBXFileReference; lastKnownFileType = sourcecode.swift; path = ViewController.swift; sourceTree = "<group>"; };
		57314BD81D38E881002392E7 /* Base */ = {isa = PBXFileReference; lastKnownFileType = file.storyboard; name = Base; path = Base.lproj/Main.storyboard; sourceTree = "<group>"; };
		57314BDA1D38E881002392E7 /* Assets.xcassets */ = {isa = PBXFileReference; lastKnownFileType = folder.assetcatalog; path = Assets.xcassets; sourceTree = "<group>"; };
		57314BDD1D38E881002392E7 /* Base */ = {isa = PBXFileReference; lastKnownFileType = file.storyboard; name = Base; path = Base.lproj/LaunchScreen.storyboard; sourceTree = "<group>"; };
		57314BDF1D38E881002392E7 /* Info.plist */ = {isa = PBXFileReference; lastKnownFileType = text.plist.xml; path = Info.plist; sourceTree = "<group>"; };
/* End PBXFileReference section */

/* Begin PBXFrameworksBuildPhase section */
		57314BCD1D38E881002392E7 /* Frameworks */ = {
			isa = PBXFrameworksBuildPhase;
			buildActionMask = 2147483647;
			files = (
			);
			runOnlyForDeploymentPostprocessing = 0;
		};
/* End PBXFrameworksBuildPhase section */

/* Begin PBXGroup section */
		57314BC71D38E881002392E7 = {
			isa = PBXGroup;
			children = (
				57314BD21D38E881002392E7 /* ZSProject */,
				57314BD11D38E881002392E7 /* Products */,
			);
			sourceTree = "<group>";
		};
		57314BD11D38E881002392E7 /* Products */ = {
			isa = PBXGroup;
			children = (
				57314BD01D38E881002392E7 /* ZSProject.app */,
			);
			name = Products;
			sourceTree = "<group>";
		};
		57314BD21D38E881002392E7 /* ZSProject */ = {
			isa = PBXGroup;
			children = (
				57314BD31D38E881002392E7 /* AppDelegate.swift */,
				57314BD51D38E881002392E7 /* ViewController.swift */,
				57314BD71D38E881002392E7 /* Main.storyboard */,
				57314BDA1D38E881002392E7 /* Assets.xcassets */,
				57314BDC1D38E881002392E7 /* LaunchScreen.storyboard */,
				57314BDF1D38E881002392E7 /* Info.plist */,
			);
			path = ZSProject;
			sourceTree = "<group>";
		};
/* End PBXGroup section */

/* Begin PBXNativeTarget section */
		57314BCF1D38E881002392E7 /* ZSProject */ = {
			isa = PBXNativeTarget;
			buildConfigurationList = 57314BE21D38E881002392E7 /* Build configuration list for PBXNativeTarget "ZSProject" */;
			buildPhases = (
				57314BCC1D38E881002392E7 /* Sources */,
				57314BCD1D38E881002392E7 /* Frameworks */,
				57314BCE1D38E881002392E7 /* Resources */,
			);
			buildRules = (
			);
			dependencies = (
			);
			name = ZSProject;
			productName = ZSProject;
			productReference = 57314BD01D38E881002392E7 /* ZSProject.app */;
			productType = "com.apple.product-type.application";
		};
/* End PBXNativeTarget section */

/* Begin PBXProject section */
		57314BC81D38E881002392E7 /* Project object */ = {
			isa = PBXProject;
			attributes = {
				LastSwiftUpdateCheck = 0730;
				LastUpgradeCheck = 0730;
				ORGANIZATIONNAME = "Rafat Touqir Rafsun";
				TargetAttributes = {
					57314BCF1D38E881002392E7 = {
						CreatedOnToolsVersion = 7.3;
					};
				};
			};
			buildConfigurationList = 57314BCB1D38E881002392E7 /* Build configuration list for PBXProject "ZSProject" */;
			compatibilityVersion = "Xcode 3.2";
			developmentRegion = English;
			hasScannedForEncodings = 0;
			knownRegions = (
				en,
				Base,
			);
			mainGroup = 57314BC71D38E881002392E7;
			productRefGroup = 57314BD11D38E881002392E7 /* Products */;
			projectDirPath = "";
			projectRoot = "";
			targets = (
				57314BCF1D38E881002392E7 /* ZSProject */,
			);
		};
/* End PBXProject section */

/* Begin PBXResourcesBuildPhase section */
		57314BCE1D38E881002392E7 /* Resources */ = {
			isa = PBXResourcesBuildPhase;
			buildActionMask = 2147483647;
			files = (
				57314BDE1D38E881002392E7 /* LaunchScreen.storyboard in Resources */,
				57314BDB1D38E881002392E7 /* Assets.xcassets in Resources */,
				57314BD91D38E881002392E7 /* Main.storyboard in Resources */,
			);
			runOnlyForDeploymentPostprocessing = 0;
		};
/* End PBXResourcesBuildPhase section */

/* Begin PBXSourcesBuildPhase section */
		57314BCC1D38E881002392E7 /* Sources */ = {
			isa = PBXSourcesBuildPhase;
			buildActionMask = 2147483647;
			files = (
				57314BD61D38E881002392E7 /* ViewController.swift in Sources */,
				57314BD41D38E881002392E7 /* AppDelegate.swift in Sources */,
			);
			runOnlyForDeploymentPostprocessing = 0;
		};
/* End PBXSourcesBuildPhase section */

/* Begin PBXVariantGroup section */
		57314BD71D38E881002392E7 /* Main.storyboard */ = {
			isa = PBXVariantGroup;
			children = (
				57314BD81D38E881002392E7 /* Base */,
			);
			name = Main.storyboard;
			sourceTree = "<group>";
		};
		57314BDC1D38E881002392E7 /* LaunchScreen.storyboard */ = {
			isa = PBXVariantGroup;
			children = (
				57314BDD1D38E881002392E7 /* Base */,
			);
			name = LaunchScreen.storyboard;
			sourceTree = "<group>";
		};
/* End PBXVariantGroup section */

/* Begin XCBuildConfiguration section */
		57314BE01D38E881002392E7 /* Debug */ = {
			isa = XCBuildConfiguration;
			buildSettings = {
				ALWAYS_SEARCH_USER_PATHS = NO;
				CLANG_ANALYZER_NONNULL = YES;
				CLANG_CXX_LANGUAGE_STANDARD = "gnu++0x";
				CLANG_CXX_LIBRARY = "libc++";
				CLANG_ENABLE_MODULES = YES;
				CLANG_ENABLE_OBJC_ARC = YES;
				CLANG_WARN_BOOL_CONVERSION = YES;
				CLANG_WARN_CONSTANT_CONVERSION = YES;
				CLANG_WARN_DIRECT_OBJC_ISA_USAGE = YES_ERROR;
				CLANG_WARN_EMPTY_BODY = YES;
				CLANG_WARN_ENUM_CONVERSION = YES;
				CLANG_WARN_INT_CONVERSION = YES;
				CLANG_WARN_OBJC_ROOT_CLASS = YES_ERROR;
				CLANG_WARN_UNREACHABLE_CODE = YES;
				CLANG_WARN__DUPLICATE_METHOD_MATCH = YES;
				"CODE_SIGN_IDENTITY[sdk=iphoneos*]" = "iPhone Developer";
				COPY_PHASE_STRIP = NO;
				DEBUG_INFORMATION_FORMAT = dwarf;
				ENABLE_STRICT_OBJC_MSGSEND = YES;
				ENABLE_TESTABILITY = YES;
				GCC_C_LANGUAGE_STANDARD = gnu99;
				GCC_DYNAMIC_NO_PIC = NO;
				GCC_NO_COMMON_BLOCKS = YES;
				GCC_OPTIMIZATION_LEVEL = 0;
				GCC_PREPROCESSOR_DEFINITIONS = (
					"DEBUG=1",
					"$(inherited)",
				);
				GCC_WARN_64_TO_32_BIT_CONVERSION = YES;
				GCC_WARN_ABOUT_RETURN_TYPE = YES_ERROR;
				GCC_WARN_UNDECLARED_SELECTOR = YES;
				GCC_WARN_UNINITIALIZED_AUTOS = YES_AGGRESSIVE;
				GCC_WARN_UNUSED_FUNCTION = YES;
				GCC_WARN_UNUSED_VARIABLE = YES;
				IPHONEOS_DEPLOYMENT_TARGET = 9.3;
				MTL_ENABLE_DEBUG_INFO = YES;
				ONLY_ACTIVE_ARCH = YES;
				SDKROOT = iphoneos;
				SWIFT_OPTIMIZATION_LEVEL = "-Onone";
			};
			name = Debug;
		};
		57314BE11D38E881002392E7 /* Release */ = {
			isa = XCBuildConfiguration;
			buildSettings = {
				ALWAYS_SEARCH_USER_PATHS = NO;
				CLANG_ANALYZER_NONNULL = YES;
				CLANG_CXX_LANGUAGE_STANDARD = "gnu++0x";
				CLANG_CXX_LIBRARY = "libc++";
				CLANG_ENABLE_MODULES = YES;
				CLANG_ENABLE_OBJC_ARC = YES;
				CLANG_WARN_BOOL_CONVERSION = YES;
				CLANG_WARN_CONSTANT_CONVERSION = YES;
				CLANG_WARN_DIRECT_OBJC_ISA_USAGE = YES_ERROR;
				CLANG_WARN_EMPTY_BODY = YES;
				CLANG_WARN_ENUM_CONVERSION = YES;
				CLANG_WARN_INT_CONVERSION = YES;
				CLANG_WARN_OBJC_ROOT_CLASS = YES_ERROR;
				CLANG_WARN_UNREACHABLE_CODE = YES;
				CLANG_WARN__DUPLICATE_METHOD_MATCH = YES;
				"CODE_SIGN_IDENTITY[sdk=iphoneos*]" = "iPhone Developer";
				COPY_PHASE_STRIP = NO;
				DEBUG_INFORMATION_FORMAT = "dwarf-with-dsym";
				ENABLE_NS_ASSERTIONS = NO;
				ENABLE_STRICT_OBJC_MSGSEND = YES;
				GCC_C_LANGUAGE_STANDARD = gnu99;
				GCC_NO_COMMON_BLOCKS = YES;
				GCC_WARN_64_TO_32_BIT_CONVERSION = YES;
				GCC_WARN_ABOUT_RETURN_TYPE = YES_ERROR;
				GCC_WARN_UNDECLARED_SELECTOR = YES;
				GCC_WARN_UNINITIALIZED_AUTOS = YES_AGGRESSIVE;
				GCC_WARN_UNUSED_FUNCTION = YES;
				GCC_WARN_UNUSED_VARIABLE = YES;
				IPHONEOS_DEPLOYMENT_TARGET = 9.3;
				MTL_ENABLE_DEBUG_INFO = NO;
				SDKROOT = iphoneos;
				VALIDATE_PRODUCT = YES;
			};
			name = Release;
		};
		57314BE31D38E881002392E7 /* Debug */ = {
			isa = XCBuildConfiguration;
			buildSettings = {
				ASSETCATALOG_COMPILER_APPICON_NAME = AppIcon;
				INFOPLIST_FILE = ZSProject/Info.plist;
				LD_RUNPATH_SEARCH_PATHS = "$(inherited) @executable_path/Frameworks";
				PRODUCT_BUNDLE_IDENTIFIER = me.rafsun.ZSProject;
				PRODUCT_NAME = "$(TARGET_NAME)";
			};
			name = Debug;
		};
		57314BE41D38E881002392E7 /* Release */ = {
			isa = XCBuildConfiguration;
			buildSettings = {
				ASSETCATALOG_COMPILER_APPICON_NAME = AppIcon;
				INFOPLIST_FILE = ZSProject/Info.plist;
				LD_RUNPATH_SEARCH_PATHS = "$(inherited) @executable_path/Frameworks";
				PRODUCT_BUNDLE_IDENTIFIER = me.rafsun.ZSProject;
				PRODUCT_NAME = "$(TARGET_NAME)";
			};
			name = Release;
		};
/* End XCBuildConfiguration section */

/* Begin XCConfigurationList section */
		57314BCB1D38E881002392E7 /* Build configuration list for PBXProject "ZSProject" */ = {
			isa = XCConfigurationList;
			buildConfigurations = (
				57314BE01D38E881002392E7 /* Debug */,
				57314BE11D38E881002392E7 /* Release */,
			);
			defaultConfigurationIsVisible = 0;
			defaultConfigurationName = Release;
		};
		57314BE21D38E881002392E7 /* Build configuration list for PBXNativeTarget "ZSProject" */ = {
			isa = XCConfigurationList;
			buildConfigurations = (
				57314BE31D38E881002392E7 /* Debug */,
				57314BE41D38E881002392E7 /* Release */,
			);
			defaultConfigurationIsVisible = 0;
		};
/* End XCConfigurationList section */
	};
	rootObject = 57314BC81D38E881002392E7 /* Project object */;
}
